
Microsoft Visual Studio Solution File, Format Version 11.00
# Visual Studio 2010
Project("{FAE04EC0-301F-11D3-BF4B-00C04F79EFBC}") = "Assembly-CSharp", "Assembly-CSharp.csproj", "{88a2cd4c-6b25-b250-fa77-322533228c39}"
EndProject
Project("{FAE04EC0-301F-11D3-BF4B-00C04F79EFBC}") = "Tests", "Tests.csproj", "{a05e6113-9428-4f19-fcde-acdfcd29eed2}"
EndProject
Project("{FAE04EC0-301F-11D3-BF4B-00C04F79EFBC}") = "Assembly-CSharp-Editor", "Assembly-CSharp-Editor.csproj", "{ec75c959-868f-ebe2-febd-2b6b48bf73e7}"
EndProject
Global
	GlobalSection(SolutionConfigurationPlatforms) = preSolution
		Debug|Any CPU = Debug|Any CPU
	EndGlobalSection
	GlobalSection(ProjectConfigurationPlatforms) = postSolution
		{88a2cd4c-6b25-b250-fa77-322533228c39}.Debug|Any CPU.ActiveCfg = Debug|Any CPU
		{88a2cd4c-6b25-b250-fa77-322533228c39}.Debug|Any CPU.Build.0 = Debug|Any CPU
		{a05e6113-9428-4f19-fcde-acdfcd29eed2}.Debug|Any CPU.ActiveCfg = Debug|Any CPU
		{a05e6113-9428-4f19-fcde-acdfcd29eed2}.Debug|Any CPU.Build.0 = Debug|Any CPU
		{ec75c959-868f-ebe2-febd-2b6b48bf73e7}.Debug|Any CPU.ActiveCfg = Debug|Any CPU
		{ec75c959-868f-ebe2-febd-2b6b48bf73e7}.Debug|Any CPU.Build.0 = Debug|Any CPU
	EndGlobalSection
	GlobalSection(SolutionProperties) = preSolution
		HideSolutionNode = FALSE
	EndGlobalSection
EndGlobal
